
Microsoft Visual Studio Solution File, Format Version 12.00
# Visual Studio Version 17
VisualStudioVersion = 17.13.35828.75 d17.13
MinimumVisualStudioVersion = 10.0.40219.1
Project("{FAE04EC0-301F-11D3-BF4B-00C04F79EFBC}") = "Tienda_OnineApi", "Tienda_OnineApi\Tienda_OnineApi.csproj", "{8C668E29-7095-4218-B6B3-0B26600459F3}"
EndProject
Project("{FAE04EC0-301F-11D3-BF4B-00C04F79EFBC}") = "Tienda_OnlineWeb", "Tienda_OnlineWeb\Tienda_OnlineWeb.csproj", "{33076CC4-4338-4B43-AA30-61C78BBB1402}"
EndProject
Global
	GlobalSection(SolutionConfigurationPlatforms) = preSolution
		Debug|Any CPU = Debug|Any CPU
		Release|Any CPU = Release|Any CPU
	EndGlobalSection
	GlobalSection(ProjectConfigurationPlatforms) = postSolution
		{8C668E29-7095-4218-B6B3-0B26600459F3}.Debug|Any CPU.ActiveCfg = Debug|Any CPU
		{8C668E29-7095-4218-B6B3-0B26600459F3}.Debug|Any CPU.Build.0 = Debug|Any CPU
		{8C668E29-7095-4218-B6B3-0B26600459F3}.Release|Any CPU.ActiveCfg = Release|Any CPU
		{8C668E29-7095-4218-B6B3-0B26600459F3}.Release|Any CPU.Build.0 = Release|Any CPU
		{33076CC4-4338-4B43-AA30-61C78BBB1402}.Debug|Any CPU.ActiveCfg = Debug|Any CPU
		{33076CC4-4338-4B43-AA30-61C78BBB1402}.Debug|Any CPU.Build.0 = Debug|Any CPU
		{33076CC4-4338-4B43-AA30-61C78BBB1402}.Release|Any CPU.ActiveCfg = Release|Any CPU
		{33076CC4-4338-4B43-AA30-61C78BBB1402}.Release|Any CPU.Build.0 = Release|Any CPU
	EndGlobalSection
	GlobalSection(SolutionProperties) = preSolution
		HideSolutionNode = FALSE
	EndGlobalSection
	GlobalSection(ExtensibilityGlobals) = postSolution
		SolutionGuid = {533B8D58-2EF6-41C8-8328-CF466AB0881A}
	EndGlobalSection
EndGlobal
