
Microsoft Visual Studio Solution File, Format Version 12.00
# Visual Studio Version 17
VisualStudioVersion = 17.13.35828.75
MinimumVisualStudioVersion = 10.0.40219.1
Project("{FAE04EC0-301F-11D3-BF4B-00C04F79EFBC}") = "Tienda_Online.Api", "Tienda_Online.Api\Tienda_Online.Api.csproj", "{23B910B0-C3C3-45F2-BEED-B11EC02E2695}"
EndProject
Project("{FAE04EC0-301F-11D3-BF4B-00C04F79EFBC}") = "Tienda_Online.Web", "Tienda_Online.Web\Tienda_Online.Web.csproj", "{F53AF350-E2D3-4846-9251-C6876BF6CB12}"
EndProject
Global
	GlobalSection(SolutionConfigurationPlatforms) = preSolution
		Debug|Any CPU = Debug|Any CPU
		Release|Any CPU = Release|Any CPU
	EndGlobalSection
	GlobalSection(ProjectConfigurationPlatforms) = postSolution
		{23B910B0-C3C3-45F2-BEED-B11EC02E2695}.Debug|Any CPU.ActiveCfg = Debug|Any CPU
		{23B910B0-C3C3-45F2-BEED-B11EC02E2695}.Debug|Any CPU.Build.0 = Debug|Any CPU
		{23B910B0-C3C3-45F2-BEED-B11EC02E2695}.Release|Any CPU.ActiveCfg = Release|Any CPU
		{23B910B0-C3C3-45F2-BEED-B11EC02E2695}.Release|Any CPU.Build.0 = Release|Any CPU
		{F53AF350-E2D3-4846-9251-C6876BF6CB12}.Debug|Any CPU.ActiveCfg = Debug|Any CPU
		{F53AF350-E2D3-4846-9251-C6876BF6CB12}.Debug|Any CPU.Build.0 = Debug|Any CPU
		{F53AF350-E2D3-4846-9251-C6876BF6CB12}.Release|Any CPU.ActiveCfg = Release|Any CPU
		{F53AF350-E2D3-4846-9251-C6876BF6CB12}.Release|Any CPU.Build.0 = Release|Any CPU
	EndGlobalSection
	GlobalSection(SolutionProperties) = preSolution
		HideSolutionNode = FALSE
	EndGlobalSection
	GlobalSection(ExtensibilityGlobals) = postSolution
		SolutionGuid = {533B8D58-2EF6-41C8-8328-CF466AB0881A}
	EndGlobalSection
EndGlobal
